// !$*UTF8*$!
{
	archiveVersion = 1;
	classes = {
	};
	objectVersion = 46;
	objects = {

/* Begin PBXBuildFile section */
		CA8A2B761CAF17C800FE2A6F /* PreferencesHelper.mm in Sources */ = {isa = PBXBuildFile; fileRef = CA8A2B751CAF17C800FE2A6F /* PreferencesHelper.mm */; };
/* End PBXBuildFile section */

/* Begin PBXCopyFilesBuildPhase section */
		CA8A2B661CAF177F00FE2A6F /* CopyFiles */ = {
			isa = PBXCopyFilesBuildPhase;
			buildActionMask = 2147483647;
			dstPath = "include/$(PRODUCT_NAME)";
			dstSubfolderSpec = 16;
			files = (
			);
			runOnlyForDeploymentPostprocessing = 0;
		};
/* End PBXCopyFilesBuildPhase section */

/* Begin PBXFileReference section */
		CA8A2B681CAF177F00FE2A6F /* libPreferencesHelper.a */ = {isa = PBXFileReference; explicitFileType = archive.ar; includeInIndex = 0; path = libPreferencesHelper.a; sourceTree = BUILT_PRODUCTS_DIR; };
		CA8A2B741CAF17C800FE2A6F /* PreferencesHelper.h */ = {isa = PBXFileReference; fileEncoding = 4; lastKnownFileType = sourcecode.c.h; path = PreferencesHelper.h; sourceTree = "<group>"; };
		CA8A2B751CAF17C800FE2A6F /* PreferencesHelper.mm */ = {isa = PBXFileReference; fileEncoding = 4; lastKnownFileType = sourcecode.cpp.objcpp; path = PreferencesHelper.mm; sourceTree = "<group>"; };
/* End PBXFileReference section */

/* Begin PBXFrameworksBuildPhase section */
		CA8A2B651CAF177F00FE2A6F /* Frameworks */ = {
			isa = PBXFrameworksBuildPhase;
			buildActionMask = 2147483647;
			files = (
			);
			runOnlyForDeploymentPostprocessing = 0;
		};
/* End PBXFrameworksBuildPhase section */

/* Begin PBXGroup section */
		CA8A2B5F1CAF177F00FE2A6F = {
			isa = PBXGroup;
			children = (
				CA8A2B6A1CAF177F00FE2A6F /* PreferencesHelper */,
				CA8A2B691CAF177F00FE2A6F /* Products */,
			);
			sourceTree = "<group>";
		};
		CA8A2B691CAF177F00FE2A6F /* Products */ = {
			isa = PBXGroup;
			children = (
				CA8A2B681CAF177F00FE2A6F /* libPreferencesHelper.a */,
			);
			name = Products;
			sourceTree = "<group>";
		};
		CA8A2B6A1CAF177F00FE2A6F /* PreferencesHelper */ = {
			isa = PBXGroup;
			children = (
				CA8A2B741CAF17C800FE2A6F /* PreferencesHelper.h */,
				CA8A2B751CAF17C800FE2A6F /* PreferencesHelper.mm */,
			);
			path = PreferencesHelper;
			sourceTree = "<group>";
		};
/* End PBXGroup section */

/* Begin PBXNativeTarget section */
		CA8A2B671CAF177F00FE2A6F /* PreferencesHelper */ = {
			isa = PBXNativeTarget;
			buildConfigurationList = CA8A2B711CAF177F00FE2A6F /* Build configuration list for PBXNativeTarget "PreferencesHelper" */;
			buildPhases = (
				CA8A2B641CAF177F00FE2A6F /* Sources */,
				CA8A2B651CAF177F00FE2A6F /* Frameworks */,
				CA8A2B661CAF177F00FE2A6F /* CopyFiles */,
			);
			buildRules = (
			);
			dependencies = (
			);
			name = PreferencesHelper;
			productName = PreferencesHelper;
			productReference = CA8A2B681CAF177F00FE2A6F /* libPreferencesHelper.a */;
			productType = "com.apple.product-type.library.static";
		};
/* End PBXNativeTarget section */

/* Begin PBXProject section */
		CA8A2B601CAF177F00FE2A6F /* Project object */ = {
			isa = PBXProject;
			attributes = {
				LastUpgradeCheck = 0730;
				ORGANIZATIONNAME = "Bailey Seymour";
				TargetAttributes = {
					CA8A2B671CAF177F00FE2A6F = {
						CreatedOnToolsVersion = 7.3;
					};
				};
			};
			buildConfigurationList = CA8A2B631CAF177F00FE2A6F /* Build configuration list for PBXProject "PreferencesHelper" */;
			compatibilityVersion = "Xcode 3.2";
			developmentRegion = English;
			hasScannedForEncodings = 0;
			knownRegions = (
				en,
			);
			mainGroup = CA8A2B5F1CAF177F00FE2A6F;
			productRefGroup = CA8A2B691CAF177F00FE2A6F /* Products */;
			projectDirPath = "";
			projectRoot = "";
			targets = (
				CA8A2B671CAF177F00FE2A6F /* PreferencesHelper */,
			);
		};
/* End PBXProject section */

/* Begin PBXSourcesBuildPhase section */
		CA8A2B641CAF177F00FE2A6F /* Sources */ = {
			isa = PBXSourcesBuildPhase;
			buildActionMask = 2147483647;
			files = (
				CA8A2B761CAF17C800FE2A6F /* PreferencesHelper.mm in Sources */,
			);
			runOnlyForDeploymentPostprocessing = 0;
		};
/* End PBXSourcesBuildPhase section */

/* Begin XCBuildConfiguration section */
		CA8A2B6F1CAF177F00FE2A6F /* Debug */ = {
			isa = XCBuildConfiguration;
			buildSettings = {
				ALWAYS_SEARCH_USER_PATHS = NO;
				ARCHS = (
					armv7,
					arm64,
					armv7s,
				);
				CLANG_ANALYZER_NONNULL = YES;
				CLANG_CXX_LANGUAGE_STANDARD = "gnu++0x";
				CLANG_CXX_LIBRARY = "libc++";
				CLANG_ENABLE_MODULES = YES;
				CLANG_ENABLE_OBJC_ARC = NO;
				CLANG_WARN_BOOL_CONVERSION = YES;
				CLANG_WARN_CONSTANT_CONVERSION = YES;
				CLANG_WARN_DIRECT_OBJC_ISA_USAGE = YES_ERROR;
				CLANG_WARN_EMPTY_BODY = YES;
				CLANG_WARN_ENUM_CONVERSION = YES;
				CLANG_WARN_INT_CONVERSION = YES;
				CLANG_WARN_OBJC_ROOT_CLASS = YES_ERROR;
				CLANG_WARN_UNREACHABLE_CODE = YES;
				CLANG_WARN__DUPLICATE_METHOD_MATCH = YES;
				"CODE_SIGN_IDENTITY[sdk=iphoneos*]" = "iPhone Developer";
				COPY_PHASE_STRIP = NO;
				DEBUG_INFORMATION_FORMAT = dwarf;
				ENABLE_STRICT_OBJC_MSGSEND = YES;
				ENABLE_TESTABILITY = YES;
				GCC_C_LANGUAGE_STANDARD = gnu99;
				GCC_DYNAMIC_NO_PIC = NO;
				GCC_NO_COMMON_BLOCKS = YES;
				GCC_OPTIMIZATION_LEVEL = 0;
				GCC_PREPROCESSOR_DEFINITIONS = (
					"DEBUG=1",
					"$(inherited)",
				);
				GCC_WARN_64_TO_32_BIT_CONVERSION = YES;
				GCC_WARN_ABOUT_RETURN_TYPE = YES_ERROR;
				GCC_WARN_UNDECLARED_SELECTOR = YES;
				GCC_WARN_UNINITIALIZED_AUTOS = YES_AGGRESSIVE;
				GCC_WARN_UNUSED_FUNCTION = YES;
				GCC_WARN_UNUSED_VARIABLE = YES;
				IPHONEOS_DEPLOYMENT_TARGET = 7.0;
				MTL_ENABLE_DEBUG_INFO = YES;
				ONLY_ACTIVE_ARCH = NO;
				SDKROOT = iphoneos;
			};
			name = Debug;
		};
		CA8A2B701CAF177F00FE2A6F /* Release */ = {
			isa = XCBuildConfiguration;
			buildSettings = {
				ALWAYS_SEARCH_USER_PATHS = NO;
				ARCHS = (
					armv7,
					arm64,
					armv7s,
				);
				CLANG_ANALYZER_NONNULL = YES;
				CLANG_CXX_LANGUAGE_STANDARD = "gnu++0x";
				CLANG_CXX_LIBRARY = "libc++";
				CLANG_ENABLE_MODULES = YES;
				CLANG_ENABLE_OBJC_ARC = NO;
				CLANG_WARN_BOOL_CONVERSION = YES;
				CLANG_WARN_CONSTANT_CONVERSION = YES;
				CLANG_WARN_DIRECT_OBJC_ISA_USAGE = YES_ERROR;
				CLANG_WARN_EMPTY_BODY = YES;
				CLANG_WARN_ENUM_CONVERSION = YES;
				CLANG_WARN_INT_CONVERSION = YES;
				CLANG_WARN_OBJC_ROOT_CLASS = YES_ERROR;
				CLANG_WARN_UNREACHABLE_CODE = YES;
				CLANG_WARN__DUPLICATE_METHOD_MATCH = YES;
				"CODE_SIGN_IDENTITY[sdk=iphoneos*]" = "iPhone Developer";
				COPY_PHASE_STRIP = NO;
				DEBUG_INFORMATION_FORMAT = "dwarf-with-dsym";
				ENABLE_NS_ASSERTIONS = NO;
				ENABLE_STRICT_OBJC_MSGSEND = YES;
				GCC_C_LANGUAGE_STANDARD = gnu99;
				GCC_NO_COMMON_BLOCKS = YES;
				GCC_WARN_64_TO_32_BIT_CONVERSION = YES;
				GCC_WARN_ABOUT_RETURN_TYPE = YES_ERROR;
				GCC_WARN_UNDECLARED_SELECTOR = YES;
				GCC_WARN_UNINITIALIZED_AUTOS = YES_AGGRESSIVE;
				GCC_WARN_UNUSED_FUNCTION = YES;
				GCC_WARN_UNUSED_VARIABLE = YES;
				IPHONEOS_DEPLOYMENT_TARGET = 7.0;
				MTL_ENABLE_DEBUG_INFO = NO;
				SDKROOT = iphoneos;
				VALIDATE_PRODUCT = YES;
			};
			name = Release;
		};
		CA8A2B721CAF177F00FE2A6F /* Debug */ = {
			isa = XCBuildConfiguration;
			buildSettings = {
				OTHER_LDFLAGS = "-ObjC";
				PRODUCT_NAME = "$(TARGET_NAME)";
				SKIP_INSTALL = YES;
			};
			name = Debug;
		};
		CA8A2B731CAF177F00FE2A6F /* Release */ = {
			isa = XCBuildConfiguration;
			buildSettings = {
				OTHER_LDFLAGS = "-ObjC";
				PRODUCT_NAME = "$(TARGET_NAME)";
				SKIP_INSTALL = YES;
			};
			name = Release;
		};
/* End XCBuildConfiguration section */

/* Begin XCConfigurationList section */
		CA8A2B631CAF177F00FE2A6F /* Build configuration list for PBXProject "PreferencesHelper" */ = {
			isa = XCConfigurationList;
			buildConfigurations = (
				CA8A2B6F1CAF177F00FE2A6F /* Debug */,
				CA8A2B701CAF177F00FE2A6F /* Release */,
			);
			defaultConfigurationIsVisible = 0;
			defaultConfigurationName = Release;
		};
		CA8A2B711CAF177F00FE2A6F /* Build configuration list for PBXNativeTarget "PreferencesHelper" */ = {
			isa = XCConfigurationList;
			buildConfigurations = (
				CA8A2B721CAF177F00FE2A6F /* Debug */,
				CA8A2B731CAF177F00FE2A6F /* Release */,
			);
			defaultConfigurationIsVisible = 0;
		};
/* End XCConfigurationList section */
	};
	rootObject = CA8A2B601CAF177F00FE2A6F /* Project object */;
}
